dependencies:
- name: cloudnative-pg
  repository: oci://ghcr.io/cloudnative-pg/charts
  version: 0.27.1
- name: redis-operator
  repository: https://ot-container-kit.github.io/helm-charts
  version: 0.23.0
digest: sha256:7bcc202cebc90102edde53558dcf0e490dfae6487448232fd23034678727fb1f
generated: "2026-09-14T15:03:45.328936000Z"
